github.com/PlanitarInc/go-workers v0.0.0-20200511175112-adc6d1827aba h1:sHVzq8jklFUoYb97KzyGgOQG4UxZ2SM9KIdEHEHy+T4=
github.com/PlanitarInc/go-workers v0.0.0-20200511175112-adc6d1827aba/go.mod h1:0CDSU45P/KF2I9oxINHAxm3foVV9MkCeOfSwBbHUHiU=
github.com/bitly/go-hostpool v0.0.0-20171023180738-a3a6125de932 h1:mXoPYz/Ul5HYEDvkta6I8/rnYM5gSdSV2tJ6XbZuEtY=
github.com/bitly/go-hostpool v0.0.0-20171023180738-a3a6125de932/go.mod h1:NOuUCSz6Q9T7+igc/hlvDOUdtWKryOrtFyIVABv/p7k=
github.com/bitly/go-simplejson v0.5.0 h1:6IH+V8/tVMab511d5bn4M7EwGXZf9Hj6i2xSwkNEM+Y=
github.com/bitly/go-simplejson v0.5.0/go.mod h1:cXHtHw4XUPsvGaxgjIAn8PhEWG9NfngEKAMDJEczWVA=
github.com/bmizerany/assert v0.0.0-20160611221934-b7ed37b82869 h1:DDGfHa7BWjL4YnC6+E63dPcxHo2sUxDIu8g3QgEJdRY=
github.com/bmizerany/assert v0.0.0-20160611221934-b7ed37b82869/go.mod h1:Ekp36dRnpXw/yCqJaO+ZrUyxD+3VXMFFr56k5XYrpB4=
github.com/customerio/gospec v0.0.0-20130710230057-a5cc0e48aa39 h1:O0YTztXI3XeJXlFhSo4wNb0VBVqSgT+hi/CjNWKvMnY=
github.com/customerio/gospec v0.0.0-20130710230057-a5cc0e48aa39/go.mod h1:OzYUFhPuL2JbjwFwrv6CZs23uBawekc6OZs+g19F0mY=
github.com/davecgh/go-spew v1.1.0 h1:ZDRjVQ15GmhC3fiQ8ni8+OwkZQO4DARzQgrnXU1Liz8=
github.com/davecgh/go-spew v1.1.0/go.mod h1:J7Y8YcW2NihsgmVo/mv3lAwl/skON4iLHjSsI+c5H38=
github.com/fsnotify/fsnotify v1.4.7/go.mod h1:jwhsz4b93w/PPRr/qN1Yymfu8t87LnFCMoQvtojpjFo=
github.com/gocql/gocql v0.0.0-20200511135441-57b003a04490 h1:DE7b84SsUn+1Y3LG4YpFn7KpUra0iuYwS6PkSayorcg=
github.com/gocql/gocql v0.0.0-20200511135441-57b003a04490/go.mod h1:DL0ekTmBSTdlNF25Orwt/JMzqIq3EJ4MVa/J/uK64OY=
github.com/golang/protobuf v1.2.0/go.mod h1:6lQm79b+lXiMfvg/cZm0SGofjICqVBUtrP5yJMmIC1U=
github.com/golang/snappy v0.0.0-20170215233205-553a64147049 h1:K9KHZbXKpGydfDN0aZrsoHpLJlZsBrGMFWbgLDGnPZk=
github.com/golang/snappy v0.0.0-20170215233205-553a64147049/go.mod h1:/XxbfmMg8lxefKM7IXC3fBNl/7bRcc72aCRzEWrmP2Q=
github.com/gomodule/redigo v1.8.1 h1:Abmo0bI7Xf0IhdIPc7HZQzZcShdnmxeoVuDDtIQp8N8=
github.com/gomodule/redigo v1.8.1/go.mod h1:P9dn9mFrCBvWhGE1wpxx6fgq7BAeLBk+UUUzlpkBYO0=
github.com/hailocab/go-hostpool v0.0.0-20160125115350-e80d13ce29ed h1:5upAirOpQc1Q53c0bnx2ufif5kANL7bfZWcc6VJWJd8=
github.com/hailocab/go-hostpool v0.0.0-20160125115350-e80d13ce29ed/go.mod h1:tMWxXQ9wFIaZeTI9F+hmhFiGpFmhOHzyShyFUhRm0H4=
github.com/hpcloud/tail v1.0.0 h1:nfCOvKYfkgYP8hkirhJocXT2+zOD8yUNjXaWfTlyFKI=
github.com/hpcloud/tail v1.0.0/go.mod h1:ab1qPbhIpdTxEkNHXyeSf5vhxWSCs/tWer42PpOxQnU=
github.com/kr/pretty v0.1.0/go.mod h1:dAy3ld7l9f0ibDNOQOHHMYYIIbhfbHSm3C4ZsoJORNo=
github.com/kr/pretty v0.2.0 h1:s5hAObm+yFO5uHYt5dYjxi2rXrsnmRpJx4OYvIWUaQs=
github.com/kr/pretty v0.2.0/go.mod h1:ipq/a2n7PKx3OHsz4KJII5eveXtPO4qwEXGdVfWzfnI=
github.com/kr/pty v1.1.1/go.mod h1:pFQYn66WHrOpPYNljwOMqo10TkYh1fy3cYio2l3bCsQ=
github.com/kr/text v0.1.0 h1:45sCR5RtlFHMR4UwH9sdQ5TC8v0qDQCHnXt+kaKSTVE=
github.com/kr/text v0.1.0/go.mod h1:4Jbv+DJW3UT/LiOwJeYQe1efqtUx/iVham/4vfdArNI=
github.com/onsi/ginkgo v1.6.0 h1:Ix8l273rp3QzYgXSR+c8d1fTG7UPgYkOSELPhiY/YGw=
github.com/onsi/ginkgo v1.6.0/go.mod h1:lLunBs/Ym6LB5Z9jYTR76FiuTmxDTDusOGeTQH+WWjE=
github.com/onsi/gomega v1.10.0 h1:Gwkk+PTu/nfOwNMtUB/mRUv0X7ewW5dO4AERT1ThVKo=
github.com/onsi/gomega v1.10.0/go.mod h1:Ho0h+IUsWyvy1OpqCwxlQ/21gkhVunqlU8fDGcoTdcA=
github.com/orfjackal/nanospec.go v0.0.0-20120727230329-de4694c1d701/go.mod h1:VtBIF1XX0c1nKkeAPk8i4aXkYopqQgfDqolHUIHPwNI=
github.com/pmezard/go-difflib v1.0.0 h1:4DBwDE0NGyQoBHbLQYPwSUPoCMWR5BEzIk/f1lZbAQM=
github.com/pmezard/go-difflib v1.0.0/go.mod h1:iKH77koFhYxTK1pcRnkKkqfTogsbg7gZNVY4sRDYZ/4=
github.com/stretchr/objx v0.1.0/go.mod h1:HFkY916IF+rwdDfMAkV7OtwuqBVzrE8GR6GFx+wExME=
github.com/stretchr/testify v1.3.0/go.mod h1:M5WIy9Dh21IEIfnGCwXGc5bZfKNJtfHm1UVUgZn+9EI=
github.com/stretchr/testify v1.5.1 h1:nOGnQDM7FYENwehXlg/kFVnos3rEvtKTjRvOWSzb6H4=
github.com/stretchr/testify v1.5.1/go.mod h1:5W2xD1RspED5o8YsWQXVCued0rvSQ+mT+I5cxcmMvtA=
golang.org/x/net v0.0.0-20180906233101-161cd47e91fd h1:nTDtHvHSdCn1m6ITfMRqtOd/9+7a3s8RBNOZ3eYZzJA=
golang.org/x/net v0.0.0-20180906233101-161cd47e91fd/go.mod h1:mL1N/T3taQHkDXs73rZJwtUhF3w3ftmwwsq0BUmARs4=
golang.org/x/sync v0.0.0-20180314180146-1d60e4601c6f/go.mod h1:RxMgew5VJxzue5/jJTE5uejpjVlOe/izrB70Jof72aM=
golang.org/x/sys v0.0.0-20180909124046-d0be0721c37e h1:o3PsSEY8E4eXWkXrIP9YJALUkVZqzHJT5DOasTyn8Vs=
golang.org/x/sys v0.0.0-20180909124046-d0be0721c37e/go.mod h1:STP8DvDyc/dI5b8T5hshtkjS+E42TnysNCUPdjciGhY=
golang.org/x/text v0.3.0 h1:g61tztE5qeGQ89tm6NTjjM9VPIm088od1l6aSorWRWg=
golang.org/x/text v0.3.0/go.mod h1:NqM8EUOU14njkJ3fqMW+pc6Ldnwhi/IjpwHt7yyuwOQ=
golang.org/x/xerrors v0.0.0-20190717185122-a985d3407aa7 h1:9zdDQZ7Thm29KFXgAX/+yaf3eVbP7djjWp/dXAppNCc=
golang.org/x/xerrors v0.0.0-20190717185122-a985d3407aa7/go.mod h1:I/5z698sn9Ka8TeJc9MKroUUfqBBauWjQqLJ2OPfmY0=
gopkg.in/check.v1 v0.0.0-20161208181325-20d25e280405 h1:yhCVgyC4o1eVCa2tZl7eS0r+SDo693bJlVdllGtEeKM=
gopkg.in/check.v1 v0.0.0-20161208181325-20d25e280405/go.mod h1:Co6ibVJAznAaIkqp8huTwlJQCZ016jof/cbN4VW5Yz0=
gopkg.in/fsnotify.v1 v1.4.7 h1:xOHLXZwVvI9hhs+cLKq5+I5onOuwQLhQwiu63xxlHs4=
gopkg.in/fsnotify.v1 v1.4.7/go.mod h1:Tz8NjZHkW78fSQdbUxIjBTcgA1z1m8ZHf0WmKUhAMys=
gopkg.in/inf.v0 v0.9.1 h1:73M5CoZyi3ZLMOyDlQh031Cx6N9NDJ2Vvfl76EDAgDc=
gopkg.in/inf.v0 v0.9.1/go.mod h1:cWUDdTG/fYaXco+Dcufb5Vnc6Gp2YChqWtbxRZE0mXw=
gopkg.in/tomb.v1 v1.0.0-20141024135613-dd632973f1e7 h1:uRGJdciOHaEIrze2W8Q3AKkepLTh2hOroT7a+7czfdQ=
gopkg.in/tomb.v1 v1.0.0-20141024135613-dd632973f1e7/go.mod h1:dt/ZhP58zS4L8KSrWDmTeBkI65Dw0HsyUHuEVlX15mw=
gopkg.in/yaml.v2 v2.2.2/go.mod h1:hI93XBmqTisBFMUTm0b8Fm+jr3Dg1NNxqwp+5A1VGuI=
gopkg.in/yaml.v2 v2.2.4 h1:/eiJrUcujPVeJ3xlSWaiNi3uSVmDGBK1pDHUHAnao1I=
gopkg.in/yaml.v2 v2.2.4/go.mod h1:hI93XBmqTisBFMUTm0b8Fm+jr3Dg1NNxqwp+5A1VGuI=
